
Microsoft Visual Studio Solution File, Format Version 12.00
# Visual Studio Version 17
VisualStudioVersion = 17.13.35931.197 d17.13
MinimumVisualStudioVersion = 10.0.40219.1
Project("{FAE04EC0-301F-11D3-BF4B-00C04F79EFBC}") = "ConsistentHashing", "Playground\ConsistentHashing.csproj", "{614002A0-6D6A-4546-91B1-DB8B8BB72821}"
EndProject
Global
	GlobalSection(SolutionConfigurationPlatforms) = preSolution
		Debug|Any CPU = Debug|Any CPU
		Release|Any CPU = Release|Any CPU
	EndGlobalSection
	GlobalSection(ProjectConfigurationPlatforms) = postSolution
		{614002A0-6D6A-4546-91B1-DB8B8BB72821}.Debug|Any CPU.ActiveCfg = Debug|Any CPU
		{614002A0-6D6A-4546-91B1-DB8B8BB72821}.Debug|Any CPU.Build.0 = Debug|Any CPU
		{614002A0-6D6A-4546-91B1-DB8B8BB72821}.Release|Any CPU.ActiveCfg = Release|Any CPU
		{614002A0-6D6A-4546-91B1-DB8B8BB72821}.Release|Any CPU.Build.0 = Release|Any CPU
	EndGlobalSection
	GlobalSection(SolutionProperties) = preSolution
		HideSolutionNode = FALSE
	EndGlobalSection
	GlobalSection(ExtensibilityGlobals) = postSolution
		SolutionGuid = {79FB5BC4-5E0D-429E-81D4-D55793285F3C}
	EndGlobalSection
EndGlobal
